{
  "name": "vizdom-ts-examples",
  "version": "0.1.0",
  "lockfileVersion": 3,
  "requires": true,
  "packages": {
    "": {
      "name": "vizdom-ts-examples",
      "version": "0.1.0",
      "license": "Apache-2.0",
      "dependencies": {
        "@vizdom/vizdom-ts-node": "^0.1.17"
      },
      "devDependencies": {
        "@types/node": "^22.7.5"
      }
    },
    "node_modules/@types/node": {
      "version": "22.7.5",
      "resolved": "https://registry.npmjs.org/@types/node/-/node-22.7.5.tgz",
      "integrity": "sha512-jML7s2NAzMWc//QSJ1a3prpk78cOPchGvXJsC3C6R6PSMoooztvRVQEz89gmBTBY1SPMaqo5teB4uNHPdetShQ==",
      "dev": true,
      "license": "MIT",
      "dependencies": {
        "undici-types": "~6.19.2"
      }
    },
    "node_modules/@vizdom/vizdom-ts-node": {
      "version": "0.1.17",
      "resolved": "https://registry.npmjs.org/@vizdom/vizdom-ts-node/-/vizdom-ts-node-0.1.17.tgz",
      "integrity": "sha512-VnA+DyXOjMzOxOSY/5CF3l9bpJxyidPbLd4GEz8MD/Dd1I6f0iiMf5oRscLmjJUE56jBm0Otujz8IExovGbV9Q==",
      "license": "Apache-2.0"
    },
    "node_modules/undici-types": {
      "version": "6.19.8",
      "resolved": "https://registry.npmjs.org/undici-types/-/undici-types-6.19.8.tgz",
      "integrity": "sha512-ve2KP6f/JnbPBFyobGHuerC9g1FYGn/F8n1LWTwNxCEzd6IfqTwUQcNXgEtmmQ6DlRrC1hrSrBnCZPokRrDHjw==",
      "dev": true,
      "license": "MIT"
    }
  }
}
